
Microsoft Visual Studio Solution File, Format Version 12.00
# Visual Studio 15
VisualStudioVersion = 15.0.28307.329
MinimumVisualStudioVersion = 10.0.40219.1
Project("{FAE04EC0-301F-11D3-BF4B-00C04F79EFBC}") = "blog-using-tdd.tests", "blog-using-tdd.tests\blog-using-tdd.tests.csproj", "{96909E63-9DCE-4796-BE0E-E19901A3F597}"
EndProject
Project("{FAE04EC0-301F-11D3-BF4B-00C04F79EFBC}") = "blog-api", "blog-api\blog-api.csproj", "{E0EAEC0E-D2E5-45A9-8C09-9D89987F0297}"
EndProject
Global
	GlobalSection(SolutionConfigurationPlatforms) = preSolution
		Debug|Any CPU = Debug|Any CPU
		Release|Any CPU = Release|Any CPU
	EndGlobalSection
	GlobalSection(ProjectConfigurationPlatforms) = postSolution
		{96909E63-9DCE-4796-BE0E-E19901A3F597}.Debug|Any CPU.ActiveCfg = Debug|Any CPU
		{96909E63-9DCE-4796-BE0E-E19901A3F597}.Debug|Any CPU.Build.0 = Debug|Any CPU
		{96909E63-9DCE-4796-BE0E-E19901A3F597}.Release|Any CPU.ActiveCfg = Release|Any CPU
		{96909E63-9DCE-4796-BE0E-E19901A3F597}.Release|Any CPU.Build.0 = Release|Any CPU
		{E0EAEC0E-D2E5-45A9-8C09-9D89987F0297}.Debug|Any CPU.ActiveCfg = Debug|Any CPU
		{E0EAEC0E-D2E5-45A9-8C09-9D89987F0297}.Debug|Any CPU.Build.0 = Debug|Any CPU
		{E0EAEC0E-D2E5-45A9-8C09-9D89987F0297}.Release|Any CPU.ActiveCfg = Release|Any CPU
		{E0EAEC0E-D2E5-45A9-8C09-9D89987F0297}.Release|Any CPU.Build.0 = Release|Any CPU
	EndGlobalSection
	GlobalSection(SolutionProperties) = preSolution
		HideSolutionNode = FALSE
	EndGlobalSection
	GlobalSection(ExtensibilityGlobals) = postSolution
		SolutionGuid = {0628D8B4-6B74-4998-8B1E-92A9DEC2ECB7}
	EndGlobalSection
EndGlobal
